
Microsoft Visual Studio Solution File, Format Version 12.00
# Visual Studio Version 16
VisualStudioVersion = 16.0.29926.136
MinimumVisualStudioVersion = 10.0.40219.1
Project("{FAE04EC0-301F-11D3-BF4B-00C04F79EFBC}") = "ISoleckiProductEF", "ISoleckiProductEF\ISoleckiProductEF.csproj", "{4B4438C7-4E39-42B6-B0BE-EAA8804EDFB6}"
EndProject
Global
	GlobalSection(SolutionConfigurationPlatforms) = preSolution
		Debug|Any CPU = Debug|Any CPU
		Release|Any CPU = Release|Any CPU
	EndGlobalSection
	GlobalSection(ProjectConfigurationPlatforms) = postSolution
		{4B4438C7-4E39-42B6-B0BE-EAA8804EDFB6}.Debug|Any CPU.ActiveCfg = Debug|Any CPU
		{4B4438C7-4E39-42B6-B0BE-EAA8804EDFB6}.Debug|Any CPU.Build.0 = Debug|Any CPU
		{4B4438C7-4E39-42B6-B0BE-EAA8804EDFB6}.Release|Any CPU.ActiveCfg = Release|Any CPU
		{4B4438C7-4E39-42B6-B0BE-EAA8804EDFB6}.Release|Any CPU.Build.0 = Release|Any CPU
	EndGlobalSection
	GlobalSection(SolutionProperties) = preSolution
		HideSolutionNode = FALSE
	EndGlobalSection
	GlobalSection(ExtensibilityGlobals) = postSolution
		SolutionGuid = {CA9D4936-4EC5-4323-B530-E36B13DE4683}
	EndGlobalSection
EndGlobal
